# This file is automatically @generated by Cargo.
# It is not intended for manual editing.
version = 3

[[package]]
name = "nearust"
version = "0.1.0"
dependencies = [
 "rapidfuzz",
 "rustc-hash",
]

[[package]]
name = "rapidfuzz"
version = "0.5.0"
source = "registry+https://github.com/rust-lang/crates.io-index"
checksum = "270e04e5ea61d40841942bb15e451c29ee1618637bcf97fc7ede5dd4a9b1601b"

[[package]]
name = "rustc-hash"
version = "2.0.0"
source = "registry+https://github.com/rust-lang/crates.io-index"
checksum = "583034fd73374156e66797ed8e5b0d5690409c9226b22d87cb7f19821c05d152"
